
Microsoft Visual Studio Solution File, Format Version 12.00
# Visual Studio Version 17
VisualStudioVersion = 17.6.33815.320
MinimumVisualStudioVersion = 10.0.40219.1
Project("{8BC9CEB8-8B4A-11D0-8D11-00A0C91BC942}") = "Audio", "Source\Engine\Audio\Audio.vcxproj", "{FFA40714-E41B-4CEC-B8D6-EAD52883A6AA}"
EndProject
Project("{2150E333-8FDC-42A3-9474-1A3956D46DE8}") = "Engine", "Engine", "{09CACE95-0FE1-496D-8089-9CF1DF8787E0}"
EndProject
Project("{2150E333-8FDC-42A3-9474-1A3956D46DE8}") = "Game", "Game", "{658CAF78-AB9F-4835-B678-37314B98D8A8}"
EndProject
Project("{8BC9CEB8-8B4A-11D0-8D11-00A0C91BC942}") = "Core", "Source\Engine\Core\Core.vcxproj", "{2E09A753-3084-4C98-A6B2-EAB18911A2F7}"
EndProject
Project("{8BC9CEB8-8B4A-11D0-8D11-00A0C91BC942}") = "Framework", "Source\Engine\Framework\Framework.vcxproj", "{C130D9C0-55FC-47D3-8B32-29C62FB40B3F}"
EndProject
Project("{8BC9CEB8-8B4A-11D0-8D11-00A0C91BC942}") = "Input", "Source\Engine\Input\Input.vcxproj", "{93AD2645-4F5B-44EE-BB90-5CA3680CE82A}"
EndProject
Project("{8BC9CEB8-8B4A-11D0-8D11-00A0C91BC942}") = "Renderer", "Source\Engine\Renderer\Renderer.vcxproj", "{7ECF3DB8-4736-4853-956C-A52BB99984FF}"
EndProject
Project("{8BC9CEB8-8B4A-11D0-8D11-00A0C91BC942}") = "Game", "Source\Game\Game\Game.vcxproj", "{263A328F-E0A4-428A-BB57-8EFDE6EE00B0}"
EndProject
Global
	GlobalSection(SolutionConfigurationPlatforms) = preSolution
		Debug|x64 = Debug|x64
		Debug|x86 = Debug|x86
		Release|x64 = Release|x64
		Release|x86 = Release|x86
	EndGlobalSection
	GlobalSection(ProjectConfigurationPlatforms) = postSolution
		{FFA40714-E41B-4CEC-B8D6-EAD52883A6AA}.Debug|x64.ActiveCfg = Debug|x64
		{FFA40714-E41B-4CEC-B8D6-EAD52883A6AA}.Debug|x64.Build.0 = Debug|x64
		{FFA40714-E41B-4CEC-B8D6-EAD52883A6AA}.Debug|x86.ActiveCfg = Debug|Win32
		{FFA40714-E41B-4CEC-B8D6-EAD52883A6AA}.Debug|x86.Build.0 = Debug|Win32
		{FFA40714-E41B-4CEC-B8D6-EAD52883A6AA}.Release|x64.ActiveCfg = Release|x64
		{FFA40714-E41B-4CEC-B8D6-EAD52883A6AA}.Release|x64.Build.0 = Release|x64
		{FFA40714-E41B-4CEC-B8D6-EAD52883A6AA}.Release|x86.ActiveCfg = Release|Win32
		{FFA40714-E41B-4CEC-B8D6-EAD52883A6AA}.Release|x86.Build.0 = Release|Win32
		{2E09A753-3084-4C98-A6B2-EAB18911A2F7}.Debug|x64.ActiveCfg = Debug|x64
		{2E09A753-3084-4C98-A6B2-EAB18911A2F7}.Debug|x64.Build.0 = Debug|x64
		{2E09A753-3084-4C98-A6B2-EAB18911A2F7}.Debug|x86.ActiveCfg = Debug|Win32
		{2E09A753-3084-4C98-A6B2-EAB18911A2F7}.Debug|x86.Build.0 = Debug|Win32
		{2E09A753-3084-4C98-A6B2-EAB18911A2F7}.Release|x64.ActiveCfg = Release|x64
		{2E09A753-3084-4C98-A6B2-EAB18911A2F7}.Release|x64.Build.0 = Release|x64
		{2E09A753-3084-4C98-A6B2-EAB18911A2F7}.Release|x86.ActiveCfg = Release|Win32
		{2E09A753-3084-4C98-A6B2-EAB18911A2F7}.Release|x86.Build.0 = Release|Win32
		{C130D9C0-55FC-47D3-8B32-29C62FB40B3F}.Debug|x64.ActiveCfg = Debug|x64
		{C130D9C0-55FC-47D3-8B32-29C62FB40B3F}.Debug|x64.Build.0 = Debug|x64
		{C130D9C0-55FC-47D3-8B32-29C62FB40B3F}.Debug|x86.ActiveCfg = Debug|Win32
		{C130D9C0-55FC-47D3-8B32-29C62FB40B3F}.Debug|x86.Build.0 = Debug|Win32
		{C130D9C0-55FC-47D3-8B32-29C62FB40B3F}.Release|x64.ActiveCfg = Release|x64
		{C130D9C0-55FC-47D3-8B32-29C62FB40B3F}.Release|x64.Build.0 = Release|x64
		{C130D9C0-55FC-47D3-8B32-29C62FB40B3F}.Release|x86.ActiveCfg = Release|Win32
		{C130D9C0-55FC-47D3-8B32-29C62FB40B3F}.Release|x86.Build.0 = Release|Win32
		{93AD2645-4F5B-44EE-BB90-5CA3680CE82A}.Debug|x64.ActiveCfg = Debug|x64
		{93AD2645-4F5B-44EE-BB90-5CA3680CE82A}.Debug|x64.Build.0 = Debug|x64
		{93AD2645-4F5B-44EE-BB90-5CA3680CE82A}.Debug|x86.ActiveCfg = Debug|Win32
		{93AD2645-4F5B-44EE-BB90-5CA3680CE82A}.Debug|x86.Build.0 = Debug|Win32
		{93AD2645-4F5B-44EE-BB90-5CA3680CE82A}.Release|x64.ActiveCfg = Release|x64
		{93AD2645-4F5B-44EE-BB90-5CA3680CE82A}.Release|x64.Build.0 = Release|x64
		{93AD2645-4F5B-44EE-BB90-5CA3680CE82A}.Release|x86.ActiveCfg = Release|Win32
		{93AD2645-4F5B-44EE-BB90-5CA3680CE82A}.Release|x86.Build.0 = Release|Win32
		{7ECF3DB8-4736-4853-956C-A52BB99984FF}.Debug|x64.ActiveCfg = Debug|x64
		{7ECF3DB8-4736-4853-956C-A52BB99984FF}.Debug|x64.Build.0 = Debug|x64
		{7ECF3DB8-4736-4853-956C-A52BB99984FF}.Debug|x86.ActiveCfg = Debug|Win32
		{7ECF3DB8-4736-4853-956C-A52BB99984FF}.Debug|x86.Build.0 = Debug|Win32
		{7ECF3DB8-4736-4853-956C-A52BB99984FF}.Release|x64.ActiveCfg = Release|x64
		{7ECF3DB8-4736-4853-956C-A52BB99984FF}.Release|x64.Build.0 = Release|x64
		{7ECF3DB8-4736-4853-956C-A52BB99984FF}.Release|x86.ActiveCfg = Release|Win32
		{7ECF3DB8-4736-4853-956C-A52BB99984FF}.Release|x86.Build.0 = Release|Win32
		{263A328F-E0A4-428A-BB57-8EFDE6EE00B0}.Debug|x64.ActiveCfg = Debug|x64
		{263A328F-E0A4-428A-BB57-8EFDE6EE00B0}.Debug|x64.Build.0 = Debug|x64
		{263A328F-E0A4-428A-BB57-8EFDE6EE00B0}.Debug|x86.ActiveCfg = Debug|Win32
		{263A328F-E0A4-428A-BB57-8EFDE6EE00B0}.Debug|x86.Build.0 = Debug|Win32
		{263A328F-E0A4-428A-BB57-8EFDE6EE00B0}.Release|x64.ActiveCfg = Release|x64
		{263A328F-E0A4-428A-BB57-8EFDE6EE00B0}.Release|x64.Build.0 = Release|x64
		{263A328F-E0A4-428A-BB57-8EFDE6EE00B0}.Release|x86.ActiveCfg = Release|Win32
		{263A328F-E0A4-428A-BB57-8EFDE6EE00B0}.Release|x86.Build.0 = Release|Win32
	EndGlobalSection
	GlobalSection(SolutionProperties) = preSolution
		HideSolutionNode = FALSE
	EndGlobalSection
	GlobalSection(NestedProjects) = preSolution
		{FFA40714-E41B-4CEC-B8D6-EAD52883A6AA} = {09CACE95-0FE1-496D-8089-9CF1DF8787E0}
		{2E09A753-3084-4C98-A6B2-EAB18911A2F7} = {09CACE95-0FE1-496D-8089-9CF1DF8787E0}
		{C130D9C0-55FC-47D3-8B32-29C62FB40B3F} = {09CACE95-0FE1-496D-8089-9CF1DF8787E0}
		{93AD2645-4F5B-44EE-BB90-5CA3680CE82A} = {09CACE95-0FE1-496D-8089-9CF1DF8787E0}
		{7ECF3DB8-4736-4853-956C-A52BB99984FF} = {09CACE95-0FE1-496D-8089-9CF1DF8787E0}
		{263A328F-E0A4-428A-BB57-8EFDE6EE00B0} = {658CAF78-AB9F-4835-B678-37314B98D8A8}
	EndGlobalSection
	GlobalSection(ExtensibilityGlobals) = postSolution
		SolutionGuid = {CB5F51FB-1F8D-43BA-8132-ACD301BC68EE}
	EndGlobalSection
EndGlobal
